
Microsoft Visual Studio Solution File, Format Version 12.00
# Visual Studio Version 16
VisualStudioVersion = 16.0.31112.23
MinimumVisualStudioVersion = 10.0.40219.1
Project("{FAE04EC0-301F-11D3-BF4B-00C04F79EFBC}") = "MichaelTanWindowFinal.UWP", "MichaelTanWindowFinal\MichaelTanWindowFinal.UWP\MichaelTanWindowFinal.UWP.csproj", "{638CFEC4-2B48-423B-AF36-80D1D7F89014}"
EndProject
Project("{FAE04EC0-301F-11D3-BF4B-00C04F79EFBC}") = "MichaelTanWindowFinal.Android", "MichaelTanWindowFinal\MichaelTanWindowFinal.Android\MichaelTanWindowFinal.Android.csproj", "{53042D20-BFDD-4CD5-952E-273A73ACAB56}"
EndProject
Project("{FAE04EC0-301F-11D3-BF4B-00C04F79EFBC}") = "MichaelTanWindowFinal.iOS", "MichaelTanWindowFinal\MichaelTanWindowFinal.iOS\MichaelTanWindowFinal.iOS.csproj", "{C5542BC6-7B75-488D-87AB-0DF84F8B3631}"
EndProject
Project("{FAE04EC0-301F-11D3-BF4B-00C04F79EFBC}") = "MichaelTanWindowFinal", "MichaelTanWindowFinal\MichaelTanWindowFinal\MichaelTanWindowFinal.csproj", "{9515EA3B-4968-4A95-9119-E8638D0B4E17}"
EndProject
Global
	GlobalSection(SolutionConfigurationPlatforms) = preSolution
		Debug|Any CPU = Debug|Any CPU
		Debug|ARM = Debug|ARM
		Debug|iPhone = Debug|iPhone
		Debug|iPhoneSimulator = Debug|iPhoneSimulator
		Debug|x64 = Debug|x64
		Debug|x86 = Debug|x86
		Release|Any CPU = Release|Any CPU
		Release|ARM = Release|ARM
		Release|iPhone = Release|iPhone
		Release|iPhoneSimulator = Release|iPhoneSimulator
		Release|x64 = Release|x64
		Release|x86 = Release|x86
	EndGlobalSection
	GlobalSection(ProjectConfigurationPlatforms) = postSolution
		{638CFEC4-2B48-423B-AF36-80D1D7F89014}.Debug|Any CPU.ActiveCfg = Debug|x86
		{638CFEC4-2B48-423B-AF36-80D1D7F89014}.Debug|Any CPU.Build.0 = Debug|x86
		{638CFEC4-2B48-423B-AF36-80D1D7F89014}.Debug|Any CPU.Deploy.0 = Debug|x86
		{638CFEC4-2B48-423B-AF36-80D1D7F89014}.Debug|ARM.ActiveCfg = Debug|ARM
		{638CFEC4-2B48-423B-AF36-80D1D7F89014}.Debug|ARM.Build.0 = Debug|ARM
		{638CFEC4-2B48-423B-AF36-80D1D7F89014}.Debug|ARM.Deploy.0 = Debug|ARM
		{638CFEC4-2B48-423B-AF36-80D1D7F89014}.Debug|iPhone.ActiveCfg = Debug|x86
		{638CFEC4-2B48-423B-AF36-80D1D7F89014}.Debug|iPhone.Build.0 = Debug|x86
		{638CFEC4-2B48-423B-AF36-80D1D7F89014}.Debug|iPhone.Deploy.0 = Debug|x86
		{638CFEC4-2B48-423B-AF36-80D1D7F89014}.Debug|iPhoneSimulator.ActiveCfg = Debug|x86
		{638CFEC4-2B48-423B-AF36-80D1D7F89014}.Debug|iPhoneSimulator.Build.0 = Debug|x86
		{638CFEC4-2B48-423B-AF36-80D1D7F89014}.Debug|iPhoneSimulator.Deploy.0 = Debug|x86
		{638CFEC4-2B48-423B-AF36-80D1D7F89014}.Debug|x64.ActiveCfg = Debug|x64
		{638CFEC4-2B48-423B-AF36-80D1D7F89014}.Debug|x64.Build.0 = Debug|x64
		{638CFEC4-2B48-423B-AF36-80D1D7F89014}.Debug|x64.Deploy.0 = Debug|x64
		{638CFEC4-2B48-423B-AF36-80D1D7F89014}.Debug|x86.ActiveCfg = Debug|x86
		{638CFEC4-2B48-423B-AF36-80D1D7F89014}.Debug|x86.Build.0 = Debug|x86
		{638CFEC4-2B48-423B-AF36-80D1D7F89014}.Debug|x86.Deploy.0 = Debug|x86
		{638CFEC4-2B48-423B-AF36-80D1D7F89014}.Release|Any CPU.ActiveCfg = Release|x86
		{638CFEC4-2B48-423B-AF36-80D1D7F89014}.Release|Any CPU.Build.0 = Release|x86
		{638CFEC4-2B48-423B-AF36-80D1D7F89014}.Release|Any CPU.Deploy.0 = Release|x86
		{638CFEC4-2B48-423B-AF36-80D1D7F89014}.Release|ARM.ActiveCfg = Release|ARM
		{638CFEC4-2B48-423B-AF36-80D1D7F89014}.Release|ARM.Build.0 = Release|ARM
		{638CFEC4-2B48-423B-AF36-80D1D7F89014}.Release|ARM.Deploy.0 = Release|ARM
		{638CFEC4-2B48-423B-AF36-80D1D7F89014}.Release|iPhone.ActiveCfg = Release|x86
		{638CFEC4-2B48-423B-AF36-80D1D7F89014}.Release|iPhone.Build.0 = Release|x86
		{638CFEC4-2B48-423B-AF36-80D1D7F89014}.Release|iPhone.Deploy.0 = Release|x86
		{638CFEC4-2B48-423B-AF36-80D1D7F89014}.Release|iPhoneSimulator.ActiveCfg = Release|x86
		{638CFEC4-2B48-423B-AF36-80D1D7F89014}.Release|iPhoneSimulator.Build.0 = Release|x86
		{638CFEC4-2B48-423B-AF36-80D1D7F89014}.Release|iPhoneSimulator.Deploy.0 = Release|x86
		{638CFEC4-2B48-423B-AF36-80D1D7F89014}.Release|x64.ActiveCfg = Release|x64
		{638CFEC4-2B48-423B-AF36-80D1D7F89014}.Release|x64.Build.0 = Release|x64
		{638CFEC4-2B48-423B-AF36-80D1D7F89014}.Release|x64.Deploy.0 = Release|x64
		{638CFEC4-2B48-423B-AF36-80D1D7F89014}.Release|x86.ActiveCfg = Release|x86
		{638CFEC4-2B48-423B-AF36-80D1D7F89014}.Release|x86.Build.0 = Release|x86
		{638CFEC4-2B48-423B-AF36-80D1D7F89014}.Release|x86.Deploy.0 = Release|x86
		{53042D20-BFDD-4CD5-952E-273A73ACAB56}.Debug|Any CPU.ActiveCfg = Debug|Any CPU
		{53042D20-BFDD-4CD5-952E-273A73ACAB56}.Debug|Any CPU.Build.0 = Debug|Any CPU
		{53042D20-BFDD-4CD5-952E-273A73ACAB56}.Debug|Any CPU.Deploy.0 = Debug|Any CPU
		{53042D20-BFDD-4CD5-952E-273A73ACAB56}.Debug|ARM.ActiveCfg = Debug|Any CPU
		{53042D20-BFDD-4CD5-952E-273A73ACAB56}.Debug|ARM.Build.0 = Debug|Any CPU
		{53042D20-BFDD-4CD5-952E-273A73ACAB56}.Debug|ARM.Deploy.0 = Debug|Any CPU
		{53042D20-BFDD-4CD5-952E-273A73ACAB56}.Debug|iPhone.ActiveCfg = Debug|Any CPU
		{53042D20-BFDD-4CD5-952E-273A73ACAB56}.Debug|iPhone.Build.0 = Debug|Any CPU
		{53042D20-BFDD-4CD5-952E-273A73ACAB56}.Debug|iPhone.Deploy.0 = Debug|Any CPU
		{53042D20-BFDD-4CD5-952E-273A73ACAB56}.Debug|iPhoneSimulator.ActiveCfg = Debug|Any CPU
		{53042D20-BFDD-4CD5-952E-273A73ACAB56}.Debug|iPhoneSimulator.Build.0 = Debug|Any CPU
		{53042D20-BFDD-4CD5-952E-273A73ACAB56}.Debug|iPhoneSimulator.Deploy.0 = Debug|Any CPU
		{53042D20-BFDD-4CD5-952E-273A73ACAB56}.Debug|x64.ActiveCfg = Debug|Any CPU
		{53042D20-BFDD-4CD5-952E-273A73ACAB56}.Debug|x64.Build.0 = Debug|Any CPU
		{53042D20-BFDD-4CD5-952E-273A73ACAB56}.Debug|x64.Deploy.0 = Debug|Any CPU
		{53042D20-BFDD-4CD5-952E-273A73ACAB56}.Debug|x86.ActiveCfg = Debug|Any CPU
		{53042D20-BFDD-4CD5-952E-273A73ACAB56}.Debug|x86.Build.0 = Debug|Any CPU
		{53042D20-BFDD-4CD5-952E-273A73ACAB56}.Debug|x86.Deploy.0 = Debug|Any CPU
		{53042D20-BFDD-4CD5-952E-273A73ACAB56}.Release|Any CPU.ActiveCfg = Release|Any CPU
		{53042D20-BFDD-4CD5-952E-273A73ACAB56}.Release|Any CPU.Build.0 = Release|Any CPU
		{53042D20-BFDD-4CD5-952E-273A73ACAB56}.Release|Any CPU.Deploy.0 = Release|Any CPU
		{53042D20-BFDD-4CD5-952E-273A73ACAB56}.Release|ARM.ActiveCfg = Release|Any CPU
		{53042D20-BFDD-4CD5-952E-273A73ACAB56}.Release|ARM.Build.0 = Release|Any CPU
		{53042D20-BFDD-4CD5-952E-273A73ACAB56}.Release|ARM.Deploy.0 = Release|Any CPU
		{53042D20-BFDD-4CD5-952E-273A73ACAB56}.Release|iPhone.ActiveCfg = Release|Any CPU
		{53042D20-BFDD-4CD5-952E-273A73ACAB56}.Release|iPhone.Build.0 = Release|Any CPU
		{53042D20-BFDD-4CD5-952E-273A73ACAB56}.Release|iPhone.Deploy.0 = Release|Any CPU
		{53042D20-BFDD-4CD5-952E-273A73ACAB56}.Release|iPhoneSimulator.ActiveCfg = Release|Any CPU
		{53042D20-BFDD-4CD5-952E-273A73ACAB56}.Release|iPhoneSimulator.Build.0 = Release|Any CPU
		{53042D20-BFDD-4CD5-952E-273A73ACAB56}.Release|iPhoneSimulator.Deploy.0 = Release|Any CPU
		{53042D20-BFDD-4CD5-952E-273A73ACAB56}.Release|x64.ActiveCfg = Release|Any CPU
		{53042D20-BFDD-4CD5-952E-273A73ACAB56}.Release|x64.Build.0 = Release|Any CPU
		{53042D20-BFDD-4CD5-952E-273A73ACAB56}.Release|x64.Deploy.0 = Release|Any CPU
		{53042D20-BFDD-4CD5-952E-273A73ACAB56}.Release|x86.ActiveCfg = Release|Any CPU
		{53042D20-BFDD-4CD5-952E-273A73ACAB56}.Release|x86.Build.0 = Release|Any CPU
		{53042D20-BFDD-4CD5-952E-273A73ACAB56}.Release|x86.Deploy.0 = Release|Any CPU
		{C5542BC6-7B75-488D-87AB-0DF84F8B3631}.Debug|Any CPU.ActiveCfg = Debug|iPhoneSimulator
		{C5542BC6-7B75-488D-87AB-0DF84F8B3631}.Debug|Any CPU.Build.0 = Debug|iPhoneSimulator
		{C5542BC6-7B75-488D-87AB-0DF84F8B3631}.Debug|Any CPU.Deploy.0 = Debug|iPhoneSimulator
		{C5542BC6-7B75-488D-87AB-0DF84F8B3631}.Debug|ARM.ActiveCfg = Debug|iPhone
		{C5542BC6-7B75-488D-87AB-0DF84F8B3631}.Debug|ARM.Build.0 = Debug|iPhone
		{C5542BC6-7B75-488D-87AB-0DF84F8B3631}.Debug|ARM.Deploy.0 = Debug|iPhone
		{C5542BC6-7B75-488D-87AB-0DF84F8B3631}.Debug|iPhone.ActiveCfg = Debug|iPhone
		{C5542BC6-7B75-488D-87AB-0DF84F8B3631}.Debug|iPhone.Build.0 = Debug|iPhone
		{C5542BC6-7B75-488D-87AB-0DF84F8B3631}.Debug|iPhone.Deploy.0 = Debug|iPhone
		{C5542BC6-7B75-488D-87AB-0DF84F8B3631}.Debug|iPhoneSimulator.ActiveCfg = Debug|iPhoneSimulator
		{C5542BC6-7B75-488D-87AB-0DF84F8B3631}.Debug|iPhoneSimulator.Build.0 = Debug|iPhoneSimulator
		{C5542BC6-7B75-488D-87AB-0DF84F8B3631}.Debug|iPhoneSimulator.Deploy.0 = Debug|iPhoneSimulator
		{C5542BC6-7B75-488D-87AB-0DF84F8B3631}.Debug|x64.ActiveCfg = Debug|iPhoneSimulator
		{C5542BC6-7B75-488D-87AB-0DF84F8B3631}.Debug|x64.Build.0 = Debug|iPhoneSimulator
		{C5542BC6-7B75-488D-87AB-0DF84F8B3631}.Debug|x64.Deploy.0 = Debug|iPhoneSimulator
		{C5542BC6-7B75-488D-87AB-0DF84F8B3631}.Debug|x86.ActiveCfg = Debug|iPhoneSimulator
		{C5542BC6-7B75-488D-87AB-0DF84F8B3631}.Debug|x86.Build.0 = Debug|iPhoneSimulator
		{C5542BC6-7B75-488D-87AB-0DF84F8B3631}.Debug|x86.Deploy.0 = Debug|iPhoneSimulator
		{C5542BC6-7B75-488D-87AB-0DF84F8B3631}.Release|Any CPU.ActiveCfg = Release|iPhoneSimulator
		{C5542BC6-7B75-488D-87AB-0DF84F8B3631}.Release|Any CPU.Build.0 = Release|iPhoneSimulator
		{C5542BC6-7B75-488D-87AB-0DF84F8B3631}.Release|Any CPU.Deploy.0 = Release|iPhoneSimulator
		{C5542BC6-7B75-488D-87AB-0DF84F8B3631}.Release|ARM.ActiveCfg = Release|iPhoneSimulator
		{C5542BC6-7B75-488D-87AB-0DF84F8B3631}.Release|ARM.Build.0 = Release|iPhoneSimulator
		{C5542BC6-7B75-488D-87AB-0DF84F8B3631}.Release|ARM.Deploy.0 = Release|iPhoneSimulator
		{C5542BC6-7B75-488D-87AB-0DF84F8B3631}.Release|iPhone.ActiveCfg = Release|iPhone
		{C5542BC6-7B75-488D-87AB-0DF84F8B3631}.Release|iPhone.Build.0 = Release|iPhone
		{C5542BC6-7B75-488D-87AB-0DF84F8B3631}.Release|iPhone.Deploy.0 = Release|iPhone
		{C5542BC6-7B75-488D-87AB-0DF84F8B3631}.Release|iPhoneSimulator.ActiveCfg = Release|iPhoneSimulator
		{C5542BC6-7B75-488D-87AB-0DF84F8B3631}.Release|iPhoneSimulator.Build.0 = Release|iPhoneSimulator
		{C5542BC6-7B75-488D-87AB-0DF84F8B3631}.Release|iPhoneSimulator.Deploy.0 = Release|iPhoneSimulator
		{C5542BC6-7B75-488D-87AB-0DF84F8B3631}.Release|x64.ActiveCfg = Release|iPhoneSimulator
		{C5542BC6-7B75-488D-87AB-0DF84F8B3631}.Release|x64.Build.0 = Release|iPhoneSimulator
		{C5542BC6-7B75-488D-87AB-0DF84F8B3631}.Release|x64.Deploy.0 = Release|iPhoneSimulator
		{C5542BC6-7B75-488D-87AB-0DF84F8B3631}.Release|x86.ActiveCfg = Release|iPhoneSimulator
		{C5542BC6-7B75-488D-87AB-0DF84F8B3631}.Release|x86.Build.0 = Release|iPhoneSimulator
		{C5542BC6-7B75-488D-87AB-0DF84F8B3631}.Release|x86.Deploy.0 = Release|iPhoneSimulator
		{9515EA3B-4968-4A95-9119-E8638D0B4E17}.Debug|Any CPU.ActiveCfg = Debug|Any CPU
		{9515EA3B-4968-4A95-9119-E8638D0B4E17}.Debug|Any CPU.Build.0 = Debug|Any CPU
		{9515EA3B-4968-4A95-9119-E8638D0B4E17}.Debug|Any CPU.Deploy.0 = Debug|Any CPU
		{9515EA3B-4968-4A95-9119-E8638D0B4E17}.Debug|ARM.ActiveCfg = Debug|Any CPU
		{9515EA3B-4968-4A95-9119-E8638D0B4E17}.Debug|ARM.Build.0 = Debug|Any CPU
		{9515EA3B-4968-4A95-9119-E8638D0B4E17}.Debug|ARM.Deploy.0 = Debug|Any CPU
		{9515EA3B-4968-4A95-9119-E8638D0B4E17}.Debug|iPhone.ActiveCfg = Debug|Any CPU
		{9515EA3B-4968-4A95-9119-E8638D0B4E17}.Debug|iPhone.Build.0 = Debug|Any CPU
		{9515EA3B-4968-4A95-9119-E8638D0B4E17}.Debug|iPhone.Deploy.0 = Debug|Any CPU
		{9515EA3B-4968-4A95-9119-E8638D0B4E17}.Debug|iPhoneSimulator.ActiveCfg = Debug|Any CPU
		{9515EA3B-4968-4A95-9119-E8638D0B4E17}.Debug|iPhoneSimulator.Build.0 = Debug|Any CPU
		{9515EA3B-4968-4A95-9119-E8638D0B4E17}.Debug|iPhoneSimulator.Deploy.0 = Debug|Any CPU
		{9515EA3B-4968-4A95-9119-E8638D0B4E17}.Debug|x64.ActiveCfg = Debug|Any CPU
		{9515EA3B-4968-4A95-9119-E8638D0B4E17}.Debug|x64.Build.0 = Debug|Any CPU
		{9515EA3B-4968-4A95-9119-E8638D0B4E17}.Debug|x64.Deploy.0 = Debug|Any CPU
		{9515EA3B-4968-4A95-9119-E8638D0B4E17}.Debug|x86.ActiveCfg = Debug|Any CPU
		{9515EA3B-4968-4A95-9119-E8638D0B4E17}.Debug|x86.Build.0 = Debug|Any CPU
		{9515EA3B-4968-4A95-9119-E8638D0B4E17}.Debug|x86.Deploy.0 = Debug|Any CPU
		{9515EA3B-4968-4A95-9119-E8638D0B4E17}.Release|Any CPU.ActiveCfg = Release|Any CPU
		{9515EA3B-4968-4A95-9119-E8638D0B4E17}.Release|Any CPU.Build.0 = Release|Any CPU
		{9515EA3B-4968-4A95-9119-E8638D0B4E17}.Release|Any CPU.Deploy.0 = Release|Any CPU
		{9515EA3B-4968-4A95-9119-E8638D0B4E17}.Release|ARM.ActiveCfg = Release|Any CPU
		{9515EA3B-4968-4A95-9119-E8638D0B4E17}.Release|ARM.Build.0 = Release|Any CPU
		{9515EA3B-4968-4A95-9119-E8638D0B4E17}.Release|ARM.Deploy.0 = Release|Any CPU
		{9515EA3B-4968-4A95-9119-E8638D0B4E17}.Release|iPhone.ActiveCfg = Release|Any CPU
		{9515EA3B-4968-4A95-9119-E8638D0B4E17}.Release|iPhone.Build.0 = Release|Any CPU
		{9515EA3B-4968-4A95-9119-E8638D0B4E17}.Release|iPhone.Deploy.0 = Release|Any CPU
		{9515EA3B-4968-4A95-9119-E8638D0B4E17}.Release|iPhoneSimulator.ActiveCfg = Release|Any CPU
		{9515EA3B-4968-4A95-9119-E8638D0B4E17}.Release|iPhoneSimulator.Build.0 = Release|Any CPU
		{9515EA3B-4968-4A95-9119-E8638D0B4E17}.Release|iPhoneSimulator.Deploy.0 = Release|Any CPU
		{9515EA3B-4968-4A95-9119-E8638D0B4E17}.Release|x64.ActiveCfg = Release|Any CPU
		{9515EA3B-4968-4A95-9119-E8638D0B4E17}.Release|x64.Build.0 = Release|Any CPU
		{9515EA3B-4968-4A95-9119-E8638D0B4E17}.Release|x64.Deploy.0 = Release|Any CPU
		{9515EA3B-4968-4A95-9119-E8638D0B4E17}.Release|x86.ActiveCfg = Release|Any CPU
		{9515EA3B-4968-4A95-9119-E8638D0B4E17}.Release|x86.Build.0 = Release|Any CPU
		{9515EA3B-4968-4A95-9119-E8638D0B4E17}.Release|x86.Deploy.0 = Release|Any CPU
	EndGlobalSection
	GlobalSection(SolutionProperties) = preSolution
		HideSolutionNode = FALSE
	EndGlobalSection
	GlobalSection(ExtensibilityGlobals) = postSolution
		SolutionGuid = {564EAF19-C3BF-4BBC-BF82-72FF885B9380}
	EndGlobalSection
EndGlobal
